
Microsoft Visual Studio Solution File, Format Version 12.00
# Visual Studio Version 17
VisualStudioVersion = 17.7.34221.43
MinimumVisualStudioVersion = 10.0.40219.1
Project("{FAE04EC0-301F-11D3-BF4B-00C04F79EFBC}") = "prima_live", "prima_live\prima_live.csproj", "{76E94B51-8A4A-4164-9388-379CEE4DD1AD}"
EndProject
Global
	GlobalSection(SolutionConfigurationPlatforms) = preSolution
		Debug|Any CPU = Debug|Any CPU
		Release|Any CPU = Release|Any CPU
	EndGlobalSection
	GlobalSection(ProjectConfigurationPlatforms) = postSolution
		{76E94B51-8A4A-4164-9388-379CEE4DD1AD}.Debug|Any CPU.ActiveCfg = Debug|Any CPU
		{76E94B51-8A4A-4164-9388-379CEE4DD1AD}.Debug|Any CPU.Build.0 = Debug|Any CPU
		{76E94B51-8A4A-4164-9388-379CEE4DD1AD}.Release|Any CPU.ActiveCfg = Release|Any CPU
		{76E94B51-8A4A-4164-9388-379CEE4DD1AD}.Release|Any CPU.Build.0 = Release|Any CPU
	EndGlobalSection
	GlobalSection(SolutionProperties) = preSolution
		HideSolutionNode = FALSE
	EndGlobalSection
	GlobalSection(ExtensibilityGlobals) = postSolution
		SolutionGuid = {642C7B67-95AF-4A93-832C-A88077EAA769}
	EndGlobalSection
EndGlobal
